{
    "_readme": [
        "This file locks the dependencies of your project to a known state",
        "Read more about it at https://getcomposer.org/doc/01-basic-usage.md#installing-dependencies",
        "This file is @generated automatically"
    ],
    "content-hash": "4156f8f68031f86f0dc788dcaf379a9a",
    "packages": [
        {
            "name": "clue/stream-filter",
            "version": "v1.5.0",
            "source": {
                "type": "git",
                "url": "https://github.com/clue/stream-filter.git",
                "reference": "aeb7d8ea49c7963d3b581378955dbf5bc49aa320"
            },
            "dist": {
                "type": "zip",
                "url": "https://api.github.com/repos/clue/stream-filter/zipball/aeb7d8ea49c7963d3b581378955dbf5bc49aa320",
                "reference": "aeb7d8ea49c7963d3b581378955dbf5bc49aa320",
                "shasum": ""
            },
            "require": {
                "php": ">=5.3"
            },
            "require-dev": {
                "phpunit/phpunit": "^9.3 || ^5.7 || ^4.8.36"
            },
            "type": "library",
            "autoload": {
                "psr-4": {
                    "Clue\\StreamFilter\\": "src/"
                },
                "files": [
                    "src/functions_include.php"
                ]
            },
            "notification-url": "https://packagist.org/downloads/",
            "license": [
                "MIT"
            ],
            "authors": [
                {
                    "name": "Christian Lück",
                    "email": "christian@clue.engineering"
                }
            ],
            "description": "A simple and modern approach to stream filtering in PHP",
            "homepage": "https://github.com/clue/php-stream-filter",
            "keywords": [
                "bucket brigade",
                "callback",
                "filter",
                "php_user_filter",
                "stream",
                "stream_filter_append",
                "stream_filter_register"
            ],
            "support": {
                "issues": "https://github.com/clue/stream-filter/issues",
                "source": "https://github.com/clue/stream-filter/tree/v1.5.0"
            },
            "funding": [
                {
                    "url": "https://clue.engineering/support",
                    "type": "custom"
                },
                {
                    "url": "https://github.com/clue",
                    "type": "github"
                }
            ],
            "time": "2020-10-02T12:38:20+00:00"
        },
        {
            "name": "laudis/neo4j-php-client",
            "version": "v2.0.x-dev",
            "source": {
                "type": "git",
                "url": "https://github.com/neo4j-php/neo4j-php-client.git",
                "reference": "80018fba45e836806d7d882eeafc100a8a764151"
            },
            "dist": {
                "type": "zip",
                "url": "https://api.github.com/repos/neo4j-php/neo4j-php-client/zipball/80018fba45e836806d7d882eeafc100a8a764151",
                "reference": "80018fba45e836806d7d882eeafc100a8a764151",
                "shasum": ""
            },
            "require": {
                "laudis/typed-enum": "^1.1",
                "php": "^7.4 || ^8.0",
                "php-ds/php-ds": "1.*",
                "php-http/discovery": "^1.13",
                "php-http/message": "^1.0",
                "php-http/message-factory": "^1.0",
                "psr/http-client": "^1.0",
                "psr/http-factory": "^1.0",
                "psr/http-message": "^1.0",
                "stefanak-michal/bolt": "^2.2"
            },
            "require-dev": {
                "friendsofphp/php-cs-fixer": "^2.19",
                "kriswallsmith/buzz": "^1.2",
                "nyholm/psr7": "^1.3",
                "nyholm/psr7-server": "^1.0",
                "phpunit/phpunit": "^9.0",
                "psalm/plugin-phpunit": "^0.15.1",
                "vimeo/psalm": "^4.7"
            },
            "suggest": {
                "ext-bcmath": "Needed to implement bolt protocol",
                "ext-ds": "Needed for optimal performance",
                "ext-json": "Needed to implement http protocol",
                "ext-sockets": "Needed to implement bolt protocol"
            },
            "type": "library",
            "autoload": {
                "psr-4": {
                    "Laudis\\Neo4j\\": "src/"
                }
            },
            "notification-url": "https://packagist.org/downloads/",
            "license": [
                "MIT"
            ],
            "authors": [
                {
                    "name": "Ghlen Nagels",
                    "email": "ghlen@pm.me"
                }
            ],
            "description": "Neo4j-PHP-Client is the most advanced PHP Client for Neo4j",
            "keywords": [
                "bolt",
                "client",
                "cluster",
                "database",
                "graph",
                "high-availability",
                "http",
                "neo4j"
            ],
            "support": {
                "issues": "https://github.com/neo4j-php/neo4j-php-client/issues",
                "source": "https://github.com/neo4j-php/neo4j-php-client/tree/v2.0"
            },
            "time": "2021-05-28T11:58:08+00:00"
        },
        {
            "name": "laudis/typed-enum",
            "version": "v1.1.1",
            "source": {
                "type": "git",
                "url": "https://github.com/transistive/typed-enum.git",
                "reference": "3f3ce0d9f4dbcd61d065858cad70c2ab788815dd"
            },
            "dist": {
                "type": "zip",
                "url": "https://api.github.com/repos/transistive/typed-enum/zipball/3f3ce0d9f4dbcd61d065858cad70c2ab788815dd",
                "reference": "3f3ce0d9f4dbcd61d065858cad70c2ab788815dd",
                "shasum": ""
            },
            "require": {
                "php": ">=7.4"
            },
            "require-dev": {
                "friendsofphp/php-cs-fixer": "^2.16",
                "phpbench/phpbench": "^0.17.1",
                "phpunit/phpunit": "9.*",
                "vimeo/psalm": "^3.16"
            },
            "type": "library",
            "autoload": {
                "psr-4": {
                    "Laudis\\TypedEnum\\": "src/"
                }
            },
            "notification-url": "https://packagist.org/downloads/",
            "license": [
                "MIT"
            ],
            "authors": [
                {
                    "name": "Ghlen Nagels",
                    "email": "ghlen@pm.me"
                }
            ],
            "description": "A small class allowing for typed enumerations.",
            "support": {
                "issues": "https://github.com/transistive/typed-enum/issues",
                "source": "https://github.com/transistive/typed-enum/tree/v1.1.1"
            },
            "time": "2020-09-24T10:22:46+00:00"
        },
        {
            "name": "nikic/fast-route",
            "version": "v1.3.0",
            "source": {
                "type": "git",
                "url": "https://github.com/nikic/FastRoute.git",
                "reference": "181d480e08d9476e61381e04a71b34dc0432e812"
            },
            "dist": {
                "type": "zip",
                "url": "https://api.github.com/repos/nikic/FastRoute/zipball/181d480e08d9476e61381e04a71b34dc0432e812",
                "reference": "181d480e08d9476e61381e04a71b34dc0432e812",
                "shasum": ""
            },
            "require": {
                "php": ">=5.4.0"
            },
            "require-dev": {
                "phpunit/phpunit": "^4.8.35|~5.7"
            },
            "type": "library",
            "autoload": {
                "psr-4": {
                    "FastRoute\\": "src/"
                },
                "files": [
                    "src/functions.php"
                ]
            },
            "notification-url": "https://packagist.org/downloads/",
            "license": [
                "BSD-3-Clause"
            ],
            "authors": [
                {
                    "name": "Nikita Popov",
                    "email": "nikic@php.net"
                }
            ],
            "description": "Fast request router for PHP",
            "keywords": [
                "router",
                "routing"
            ],
            "support": {
                "issues": "https://github.com/nikic/FastRoute/issues",
                "source": "https://github.com/nikic/FastRoute/tree/master"
            },
            "time": "2018-02-13T20:26:39+00:00"
        },
        {
            "name": "nyholm/psr7",
            "version": "1.4.0",
            "source": {
                "type": "git",
                "url": "https://github.com/Nyholm/psr7.git",
                "reference": "23ae1f00fbc6a886cbe3062ca682391b9cc7c37b"
            },
            "dist": {
                "type": "zip",
                "url": "https://api.github.com/repos/Nyholm/psr7/zipball/23ae1f00fbc6a886cbe3062ca682391b9cc7c37b",
                "reference": "23ae1f00fbc6a886cbe3062ca682391b9cc7c37b",
                "shasum": ""
            },
            "require": {
                "php": ">=7.1",
                "php-http/message-factory": "^1.0",
                "psr/http-factory": "^1.0",
                "psr/http-message": "^1.0"
            },
            "provide": {
                "psr/http-factory-implementation": "1.0",
                "psr/http-message-implementation": "1.0"
            },
            "require-dev": {
                "http-interop/http-factory-tests": "^0.8",
                "php-http/psr7-integration-tests": "^1.0",
                "phpunit/phpunit": "^7.5 || 8.5 || 9.4",
                "symfony/error-handler": "^4.4"
            },
            "type": "library",
            "extra": {
                "branch-alias": {
                    "dev-master": "1.4-dev"
                }
            },
            "autoload": {
                "psr-4": {
                    "Nyholm\\Psr7\\": "src/"
                }
            },
            "notification-url": "https://packagist.org/downloads/",
            "license": [
                "MIT"
            ],
            "authors": [
                {
                    "name": "Tobias Nyholm",
                    "email": "tobias.nyholm@gmail.com"
                },
                {
                    "name": "Martijn van der Ven",
                    "email": "martijn@vanderven.se"
                }
            ],
            "description": "A fast PHP7 implementation of PSR-7",
            "homepage": "https://tnyholm.se",
            "keywords": [
                "psr-17",
                "psr-7"
            ],
            "support": {
                "issues": "https://github.com/Nyholm/psr7/issues",
                "source": "https://github.com/Nyholm/psr7/tree/1.4.0"
            },
            "funding": [
                {
                    "url": "https://github.com/Zegnat",
                    "type": "github"
                },
                {
                    "url": "https://github.com/nyholm",
                    "type": "github"
                }
            ],
            "time": "2021-02-18T15:41:32+00:00"
        },
        {
            "name": "nyholm/psr7-server",
            "version": "1.0.2",
            "source": {
                "type": "git",
                "url": "https://github.com/Nyholm/psr7-server.git",
                "reference": "b846a689844cef114e8079d8c80f0afd96745ae3"
            },
            "dist": {
                "type": "zip",
                "url": "https://api.github.com/repos/Nyholm/psr7-server/zipball/b846a689844cef114e8079d8c80f0afd96745ae3",
                "reference": "b846a689844cef114e8079d8c80f0afd96745ae3",
                "shasum": ""
            },
            "require": {
                "php": "^7.1 || ^8.0",
                "psr/http-factory": "^1.0",
                "psr/http-message": "^1.0"
            },
            "require-dev": {
                "nyholm/nsa": "^1.1",
                "nyholm/psr7": "^1.3",
                "phpunit/phpunit": "^7.0 || ^8.5 || ^9.3"
            },
            "type": "library",
            "autoload": {
                "psr-4": {
                    "Nyholm\\Psr7Server\\": "src/"
                }
            },
            "notification-url": "https://packagist.org/downloads/",
            "license": [
                "MIT"
            ],
            "authors": [
                {
                    "name": "Tobias Nyholm",
                    "email": "tobias.nyholm@gmail.com"
                },
                {
                    "name": "Martijn van der Ven",
                    "email": "martijn@vanderven.se"
                }
            ],
            "description": "Helper classes to handle PSR-7 server requests",
            "homepage": "http://tnyholm.se",
            "keywords": [
                "psr-17",
                "psr-7"
            ],
            "support": {
                "issues": "https://github.com/Nyholm/psr7-server/issues",
                "source": "https://github.com/Nyholm/psr7-server/tree/1.0.2"
            },
            "funding": [
                {
                    "url": "https://github.com/Zegnat",
                    "type": "github"
                },
                {
                    "url": "https://github.com/nyholm",
                    "type": "github"
                }
            ],
            "time": "2021-05-12T11:11:27+00:00"
        },
        {
            "name": "php-ds/php-ds",
            "version": "v1.3.0",
            "source": {
                "type": "git",
                "url": "https://github.com/php-ds/polyfill.git",
                "reference": "b98396862fb8a13cbdbbaf4d18be28ee5c01ed3c"
            },
            "dist": {
                "type": "zip",
                "url": "https://api.github.com/repos/php-ds/polyfill/zipball/b98396862fb8a13cbdbbaf4d18be28ee5c01ed3c",
                "reference": "b98396862fb8a13cbdbbaf4d18be28ee5c01ed3c",
                "shasum": ""
            },
            "require": {
                "ext-json": "*",
                "php": ">=7.0.0"
            },
            "provide": {
                "ext-ds": "1.3.0"
            },
            "require-dev": {
                "php-ds/tests": "^1.3"
            },
            "suggest": {
                "ext-ds": "to improve performance and reduce memory usage"
            },
            "type": "library",
            "autoload": {
                "psr-4": {
                    "Ds\\": "src"
                }
            },
            "notification-url": "https://packagist.org/downloads/",
            "license": [
                "MIT"
            ],
            "authors": [
                {
                    "name": "Rudi Theunissen",
                    "email": "rudolf.theunissen@gmail.com"
                }
            ],
            "keywords": [
                "data structures",
                "ds",
                "php",
                "polyfill"
            ],
            "support": {
                "issues": "https://github.com/php-ds/polyfill/issues",
                "source": "https://github.com/php-ds/polyfill/tree/v1.3.0"
            },
            "time": "2020-10-14T04:23:31+00:00"
        },
        {
            "name": "php-http/discovery",
            "version": "1.13.0",
            "source": {
                "type": "git",
                "url": "https://github.com/php-http/discovery.git",
                "reference": "788f72d64c43dc361e7fcc7464c3d947c64984a7"
            },
            "dist": {
                "type": "zip",
                "url": "https://api.github.com/repos/php-http/discovery/zipball/788f72d64c43dc361e7fcc7464c3d947c64984a7",
                "reference": "788f72d64c43dc361e7fcc7464c3d947c64984a7",
                "shasum": ""
            },
            "require": {
                "php": "^7.1 || ^8.0"
            },
            "conflict": {
                "nyholm/psr7": "<1.0"
            },
            "require-dev": {
                "graham-campbell/phpspec-skip-example-extension": "^5.0",
                "php-http/httplug": "^1.0 || ^2.0",
                "php-http/message-factory": "^1.0",
                "phpspec/phpspec": "^5.1 || ^6.1",
                "puli/composer-plugin": "1.0.0-beta10"
            },
            "suggest": {
                "php-http/message": "Allow to use Guzzle, Diactoros or Slim Framework factories",
                "puli/composer-plugin": "Sets up Puli which is recommended for Discovery to work. Check http://docs.php-http.org/en/latest/discovery.html for more details."
            },
            "type": "library",
            "extra": {
                "branch-alias": {
                    "dev-master": "1.9-dev"
                }
            },
            "autoload": {
                "psr-4": {
                    "Http\\Discovery\\": "src/"
                }
            },
            "notification-url": "https://packagist.org/downloads/",
            "license": [
                "MIT"
            ],
            "authors": [
                {
                    "name": "Márk Sági-Kazár",
                    "email": "mark.sagikazar@gmail.com"
                }
            ],
            "description": "Finds installed HTTPlug implementations and PSR-7 message factories",
            "homepage": "http://php-http.org",
            "keywords": [
                "adapter",
                "client",
                "discovery",
                "factory",
                "http",
                "message",
                "psr7"
            ],
            "support": {
                "issues": "https://github.com/php-http/discovery/issues",
                "source": "https://github.com/php-http/discovery/tree/1.13.0"
            },
            "time": "2020-11-27T14:49:42+00:00"
        },
        {
            "name": "php-http/message",
            "version": "1.11.1",
            "source": {
                "type": "git",
                "url": "https://github.com/php-http/message.git",
                "reference": "887734d9c515ad9a564f6581a682fff87a6253cc"
            },
            "dist": {
                "type": "zip",
                "url": "https://api.github.com/repos/php-http/message/zipball/887734d9c515ad9a564f6581a682fff87a6253cc",
                "reference": "887734d9c515ad9a564f6581a682fff87a6253cc",
                "shasum": ""
            },
            "require": {
                "clue/stream-filter": "^1.5",
                "php": "^7.1 || ^8.0",
                "php-http/message-factory": "^1.0.2",
                "psr/http-message": "^1.0"
            },
            "provide": {
                "php-http/message-factory-implementation": "1.0"
            },
            "require-dev": {
                "ergebnis/composer-normalize": "^2.6",
                "ext-zlib": "*",
                "guzzlehttp/psr7": "^1.0",
                "laminas/laminas-diactoros": "^2.0",
                "phpspec/phpspec": "^5.1 || ^6.3",
                "slim/slim": "^3.0"
            },
            "suggest": {
                "ext-zlib": "Used with compressor/decompressor streams",
                "guzzlehttp/psr7": "Used with Guzzle PSR-7 Factories",
                "laminas/laminas-diactoros": "Used with Diactoros Factories",
                "slim/slim": "Used with Slim Framework PSR-7 implementation"
            },
            "type": "library",
            "extra": {
                "branch-alias": {
                    "dev-master": "1.10-dev"
                }
            },
            "autoload": {
                "psr-4": {
                    "Http\\Message\\": "src/"
                },
                "files": [
                    "src/filters.php"
                ]
            },
            "notification-url": "https://packagist.org/downloads/",
            "license": [
                "MIT"
            ],
            "authors": [
                {
                    "name": "Márk Sági-Kazár",
                    "email": "mark.sagikazar@gmail.com"
                }
            ],
            "description": "HTTP Message related tools",
            "homepage": "http://php-http.org",
            "keywords": [
                "http",
                "message",
                "psr-7"
            ],
            "support": {
                "issues": "https://github.com/php-http/message/issues",
                "source": "https://github.com/php-http/message/tree/1.11.1"
            },
            "time": "2021-05-24T18:11:08+00:00"
        },
        {
            "name": "php-http/message-factory",
            "version": "v1.0.2",
            "source": {
                "type": "git",
                "url": "https://github.com/php-http/message-factory.git",
                "reference": "a478cb11f66a6ac48d8954216cfed9aa06a501a1"
            },
            "dist": {
                "type": "zip",
                "url": "https://api.github.com/repos/php-http/message-factory/zipball/a478cb11f66a6ac48d8954216cfed9aa06a501a1",
                "reference": "a478cb11f66a6ac48d8954216cfed9aa06a501a1",
                "shasum": ""
            },
            "require": {
                "php": ">=5.4",
                "psr/http-message": "^1.0"
            },
            "type": "library",
            "extra": {
                "branch-alias": {
                    "dev-master": "1.0-dev"
                }
            },
            "autoload": {
                "psr-4": {
                    "Http\\Message\\": "src/"
                }
            },
            "notification-url": "https://packagist.org/downloads/",
            "license": [
                "MIT"
            ],
            "authors": [
                {
                    "name": "Márk Sági-Kazár",
                    "email": "mark.sagikazar@gmail.com"
                }
            ],
            "description": "Factory interfaces for PSR-7 HTTP Message",
            "homepage": "http://php-http.org",
            "keywords": [
                "factory",
                "http",
                "message",
                "stream",
                "uri"
            ],
            "support": {
                "issues": "https://github.com/php-http/message-factory/issues",
                "source": "https://github.com/php-http/message-factory/tree/master"
            },
            "time": "2015-12-19T14:08:53+00:00"
        },
        {
            "name": "psr/container",
            "version": "2.0.1",
            "source": {
                "type": "git",
                "url": "https://github.com/php-fig/container.git",
                "reference": "2ae37329ee82f91efadc282cc2d527fd6065a5ef"
            },
            "dist": {
                "type": "zip",
                "url": "https://api.github.com/repos/php-fig/container/zipball/2ae37329ee82f91efadc282cc2d527fd6065a5ef",
                "reference": "2ae37329ee82f91efadc282cc2d527fd6065a5ef",
                "shasum": ""
            },
            "require": {
                "php": ">=7.2.0"
            },
            "type": "library",
            "extra": {
                "branch-alias": {
                    "dev-master": "2.0.x-dev"
                }
            },
            "autoload": {
                "psr-4": {
                    "Psr\\Container\\": "src/"
                }
            },
            "notification-url": "https://packagist.org/downloads/",
            "license": [
                "MIT"
            ],
            "authors": [
                {
                    "name": "PHP-FIG",
                    "homepage": "https://www.php-fig.org/"
                }
            ],
            "description": "Common Container Interface (PHP FIG PSR-11)",
            "homepage": "https://github.com/php-fig/container",
            "keywords": [
                "PSR-11",
                "container",
                "container-interface",
                "container-interop",
                "psr"
            ],
            "support": {
                "issues": "https://github.com/php-fig/container/issues",
                "source": "https://github.com/php-fig/container/tree/2.0.1"
            },
            "time": "2021-03-24T13:40:57+00:00"
        },
        {
            "name": "psr/http-client",
            "version": "1.0.1",
            "source": {
                "type": "git",
                "url": "https://github.com/php-fig/http-client.git",
                "reference": "2dfb5f6c5eff0e91e20e913f8c5452ed95b86621"
            },
            "dist": {
                "type": "zip",
                "url": "https://api.github.com/repos/php-fig/http-client/zipball/2dfb5f6c5eff0e91e20e913f8c5452ed95b86621",
                "reference": "2dfb5f6c5eff0e91e20e913f8c5452ed95b86621",
                "shasum": ""
            },
            "require": {
                "php": "^7.0 || ^8.0",
                "psr/http-message": "^1.0"
            },
            "type": "library",
            "extra": {
                "branch-alias": {
                    "dev-master": "1.0.x-dev"
                }
            },
            "autoload": {
                "psr-4": {
                    "Psr\\Http\\Client\\": "src/"
                }
            },
            "notification-url": "https://packagist.org/downloads/",
            "license": [
                "MIT"
            ],
            "authors": [
                {
                    "name": "PHP-FIG",
                    "homepage": "http://www.php-fig.org/"
                }
            ],
            "description": "Common interface for HTTP clients",
            "homepage": "https://github.com/php-fig/http-client",
            "keywords": [
                "http",
                "http-client",
                "psr",
                "psr-18"
            ],
            "support": {
                "source": "https://github.com/php-fig/http-client/tree/master"
            },
            "time": "2020-06-29T06:28:15+00:00"
        },
        {
            "name": "psr/http-factory",
            "version": "1.0.1",
            "source": {
                "type": "git",
                "url": "https://github.com/php-fig/http-factory.git",
                "reference": "12ac7fcd07e5b077433f5f2bee95b3a771bf61be"
            },
            "dist": {
                "type": "zip",
                "url": "https://api.github.com/repos/php-fig/http-factory/zipball/12ac7fcd07e5b077433f5f2bee95b3a771bf61be",
                "reference": "12ac7fcd07e5b077433f5f2bee95b3a771bf61be",
                "shasum": ""
            },
            "require": {
                "php": ">=7.0.0",
                "psr/http-message": "^1.0"
            },
            "type": "library",
            "extra": {
                "branch-alias": {
                    "dev-master": "1.0.x-dev"
                }
            },
            "autoload": {
                "psr-4": {
                    "Psr\\Http\\Message\\": "src/"
                }
            },
            "notification-url": "https://packagist.org/downloads/",
            "license": [
                "MIT"
            ],
            "authors": [
                {
                    "name": "PHP-FIG",
                    "homepage": "http://www.php-fig.org/"
                }
            ],
            "description": "Common interfaces for PSR-7 HTTP message factories",
            "keywords": [
                "factory",
                "http",
                "message",
                "psr",
                "psr-17",
                "psr-7",
                "request",
                "response"
            ],
            "support": {
                "source": "https://github.com/php-fig/http-factory/tree/master"
            },
            "time": "2019-04-30T12:38:16+00:00"
        },
        {
            "name": "psr/http-message",
            "version": "1.0.1",
            "source": {
                "type": "git",
                "url": "https://github.com/php-fig/http-message.git",
                "reference": "f6561bf28d520154e4b0ec72be95418abe6d9363"
            },
            "dist": {
                "type": "zip",
                "url": "https://api.github.com/repos/php-fig/http-message/zipball/f6561bf28d520154e4b0ec72be95418abe6d9363",
                "reference": "f6561bf28d520154e4b0ec72be95418abe6d9363",
                "shasum": ""
            },
            "require": {
                "php": ">=5.3.0"
            },
            "type": "library",
            "extra": {
                "branch-alias": {
                    "dev-master": "1.0.x-dev"
                }
            },
            "autoload": {
                "psr-4": {
                    "Psr\\Http\\Message\\": "src/"
                }
            },
            "notification-url": "https://packagist.org/downloads/",
            "license": [
                "MIT"
            ],
            "authors": [
                {
                    "name": "PHP-FIG",
                    "homepage": "http://www.php-fig.org/"
                }
            ],
            "description": "Common interface for HTTP messages",
            "homepage": "https://github.com/php-fig/http-message",
            "keywords": [
                "http",
                "http-message",
                "psr",
                "psr-7",
                "request",
                "response"
            ],
            "support": {
                "source": "https://github.com/php-fig/http-message/tree/master"
            },
            "time": "2016-08-06T14:39:51+00:00"
        },
        {
            "name": "psr/http-server-handler",
            "version": "1.0.1",
            "source": {
                "type": "git",
                "url": "https://github.com/php-fig/http-server-handler.git",
                "reference": "aff2f80e33b7f026ec96bb42f63242dc50ffcae7"
            },
            "dist": {
                "type": "zip",
                "url": "https://api.github.com/repos/php-fig/http-server-handler/zipball/aff2f80e33b7f026ec96bb42f63242dc50ffcae7",
                "reference": "aff2f80e33b7f026ec96bb42f63242dc50ffcae7",
                "shasum": ""
            },
            "require": {
                "php": ">=7.0",
                "psr/http-message": "^1.0"
            },
            "type": "library",
            "extra": {
                "branch-alias": {
                    "dev-master": "1.0.x-dev"
                }
            },
            "autoload": {
                "psr-4": {
                    "Psr\\Http\\Server\\": "src/"
                }
            },
            "notification-url": "https://packagist.org/downloads/",
            "license": [
                "MIT"
            ],
            "authors": [
                {
                    "name": "PHP-FIG",
                    "homepage": "http://www.php-fig.org/"
                }
            ],
            "description": "Common interface for HTTP server-side request handler",
            "keywords": [
                "handler",
                "http",
                "http-interop",
                "psr",
                "psr-15",
                "psr-7",
                "request",
                "response",
                "server"
            ],
            "support": {
                "issues": "https://github.com/php-fig/http-server-handler/issues",
                "source": "https://github.com/php-fig/http-server-handler/tree/master"
            },
            "time": "2018-10-30T16:46:14+00:00"
        },
        {
            "name": "psr/http-server-middleware",
            "version": "1.0.1",
            "source": {
                "type": "git",
                "url": "https://github.com/php-fig/http-server-middleware.git",
                "reference": "2296f45510945530b9dceb8bcedb5cb84d40c5f5"
            },
            "dist": {
                "type": "zip",
                "url": "https://api.github.com/repos/php-fig/http-server-middleware/zipball/2296f45510945530b9dceb8bcedb5cb84d40c5f5",
                "reference": "2296f45510945530b9dceb8bcedb5cb84d40c5f5",
                "shasum": ""
            },
            "require": {
                "php": ">=7.0",
                "psr/http-message": "^1.0",
                "psr/http-server-handler": "^1.0"
            },
            "type": "library",
            "extra": {
                "branch-alias": {
                    "dev-master": "1.0.x-dev"
                }
            },
            "autoload": {
                "psr-4": {
                    "Psr\\Http\\Server\\": "src/"
                }
            },
            "notification-url": "https://packagist.org/downloads/",
            "license": [
                "MIT"
            ],
            "authors": [
                {
                    "name": "PHP-FIG",
                    "homepage": "http://www.php-fig.org/"
                }
            ],
            "description": "Common interface for HTTP server-side middleware",
            "keywords": [
                "http",
                "http-interop",
                "middleware",
                "psr",
                "psr-15",
                "psr-7",
                "request",
                "response"
            ],
            "support": {
                "issues": "https://github.com/php-fig/http-server-middleware/issues",
                "source": "https://github.com/php-fig/http-server-middleware/tree/master"
            },
            "time": "2018-10-30T17:12:04+00:00"
        },
        {
            "name": "psr/log",
            "version": "1.1.4",
            "source": {
                "type": "git",
                "url": "https://github.com/php-fig/log.git",
                "reference": "d49695b909c3b7628b6289db5479a1c204601f11"
            },
            "dist": {
                "type": "zip",
                "url": "https://api.github.com/repos/php-fig/log/zipball/d49695b909c3b7628b6289db5479a1c204601f11",
                "reference": "d49695b909c3b7628b6289db5479a1c204601f11",
                "shasum": ""
            },
            "require": {
                "php": ">=5.3.0"
            },
            "type": "library",
            "extra": {
                "branch-alias": {
                    "dev-master": "1.1.x-dev"
                }
            },
            "autoload": {
                "psr-4": {
                    "Psr\\Log\\": "Psr/Log/"
                }
            },
            "notification-url": "https://packagist.org/downloads/",
            "license": [
                "MIT"
            ],
            "authors": [
                {
                    "name": "PHP-FIG",
                    "homepage": "https://www.php-fig.org/"
                }
            ],
            "description": "Common interface for logging libraries",
            "homepage": "https://github.com/php-fig/log",
            "keywords": [
                "log",
                "psr",
                "psr-3"
            ],
            "support": {
                "source": "https://github.com/php-fig/log/tree/1.1.4"
            },
            "time": "2021-05-03T11:20:27+00:00"
        },
        {
            "name": "slim/slim",
            "version": "4.8.0",
            "source": {
                "type": "git",
                "url": "https://github.com/slimphp/Slim.git",
                "reference": "c9bdc9e0d2f8613055632334ec6711b965d5fdf3"
            },
            "dist": {
                "type": "zip",
                "url": "https://api.github.com/repos/slimphp/Slim/zipball/c9bdc9e0d2f8613055632334ec6711b965d5fdf3",
                "reference": "c9bdc9e0d2f8613055632334ec6711b965d5fdf3",
                "shasum": ""
            },
            "require": {
                "ext-json": "*",
                "nikic/fast-route": "^1.3",
                "php": "^7.2 || ^8.0",
                "psr/container": "^1.0 || ^2.0",
                "psr/http-factory": "^1.0",
                "psr/http-message": "^1.0",
                "psr/http-server-handler": "^1.0",
                "psr/http-server-middleware": "^1.0",
                "psr/log": "^1.1"
            },
            "require-dev": {
                "adriansuter/php-autoload-override": "^1.2",
                "ext-simplexml": "*",
                "guzzlehttp/psr7": "^1.8",
                "http-interop/http-factory-guzzle": "^1.0",
                "laminas/laminas-diactoros": "^2.4",
                "nyholm/psr7": "^1.4",
                "nyholm/psr7-server": "^1.0.1",
                "phpspec/prophecy": "^1.13",
                "phpstan/phpstan": "^0.12.85",
                "phpunit/phpunit": "^8.5.13 || ^9.3.8",
                "slim/http": "^1.2",
                "slim/psr7": "^1.3",
                "squizlabs/php_codesniffer": "^3.6",
                "weirdan/prophecy-shim": "^1.0 || ^2.0.2"
            },
            "suggest": {
                "ext-simplexml": "Needed to support XML format in BodyParsingMiddleware",
                "ext-xml": "Needed to support XML format in BodyParsingMiddleware",
                "php-di/php-di": "PHP-DI is the recommended container library to be used with Slim",
                "slim/psr7": "Slim PSR-7 implementation. See https://www.slimframework.com/docs/v4/start/installation.html for more information."
            },
            "type": "library",
            "autoload": {
                "psr-4": {
                    "Slim\\": "Slim"
                }
            },
            "notification-url": "https://packagist.org/downloads/",
            "license": [
                "MIT"
            ],
            "authors": [
                {
                    "name": "Josh Lockhart",
                    "email": "hello@joshlockhart.com",
                    "homepage": "https://joshlockhart.com"
                },
                {
                    "name": "Andrew Smith",
                    "email": "a.smith@silentworks.co.uk",
                    "homepage": "http://silentworks.co.uk"
                },
                {
                    "name": "Rob Allen",
                    "email": "rob@akrabat.com",
                    "homepage": "http://akrabat.com"
                },
                {
                    "name": "Pierre Berube",
                    "email": "pierre@lgse.com",
                    "homepage": "http://www.lgse.com"
                },
                {
                    "name": "Gabriel Manricks",
                    "email": "gmanricks@me.com",
                    "homepage": "http://gabrielmanricks.com"
                }
            ],
            "description": "Slim is a PHP micro framework that helps you quickly write simple yet powerful web applications and APIs",
            "homepage": "https://www.slimframework.com",
            "keywords": [
                "api",
                "framework",
                "micro",
                "router"
            ],
            "support": {
                "docs": "https://www.slimframework.com/docs/v4/",
                "forum": "https://discourse.slimframework.com/",
                "irc": "irc://irc.freenode.net:6667/slimphp",
                "issues": "https://github.com/slimphp/Slim/issues",
                "rss": "https://www.slimframework.com/blog/feed.rss",
                "slack": "https://slimphp.slack.com/",
                "source": "https://github.com/slimphp/Slim",
                "wiki": "https://github.com/slimphp/Slim/wiki"
            },
            "funding": [
                {
                    "url": "https://opencollective.com/slimphp",
                    "type": "open_collective"
                },
                {
                    "url": "https://tidelift.com/funding/github/packagist/slim/slim",
                    "type": "tidelift"
                }
            ],
            "time": "2021-04-29T03:43:44+00:00"
        },
        {
            "name": "stefanak-michal/bolt",
            "version": "v2.3",
            "source": {
                "type": "git",
                "url": "https://github.com/neo4j-php/Bolt.git",
                "reference": "3aa1ea44338dcff7fcf3c6138a1d143920eb93c3"
            },
            "dist": {
                "type": "zip",
                "url": "https://api.github.com/repos/neo4j-php/Bolt/zipball/3aa1ea44338dcff7fcf3c6138a1d143920eb93c3",
                "reference": "3aa1ea44338dcff7fcf3c6138a1d143920eb93c3",
                "shasum": ""
            },
            "require": {
                "ext-mbstring": "*",
                "ext-sockets": "*",
                "php": ">=7.1.0"
            },
            "require-dev": {
                "phpunit/phpunit": ">=7.5.0"
            },
            "type": "library",
            "autoload": {
                "psr-4": {
                    "Bolt\\": "src/"
                }
            },
            "notification-url": "https://packagist.org/downloads/",
            "license": [
                "MIT"
            ],
            "authors": [
                {
                    "name": "Michal Stefanak",
                    "homepage": "https://www.linkedin.com/in/michalstefanak/",
                    "role": "Developer"
                }
            ],
            "description": "Bolt protocol library over TCP socket",
            "homepage": "https://github.com/neo4j-php/Bolt",
            "keywords": [
                "Socket",
                "bolt",
                "database",
                "neo4j"
            ],
            "support": {
                "issues": "https://github.com/neo4j-php/Bolt/issues",
                "source": "https://github.com/neo4j-php/Bolt"
            },
            "funding": [
                {
                    "url": "https://www.paypal.me/MichalStefanak",
                    "type": "paypal"
                }
            ],
            "time": "2021-05-06T08:05:53+00:00"
        }
    ],
    "packages-dev": [],
    "aliases": [],
    "minimum-stability": "stable",
    "stability-flags": {
        "laudis/neo4j-php-client": 20
    },
    "prefer-stable": false,
    "prefer-lowest": false,
    "platform": {
        "php": "^7.4 || ^8.0",
        "ext-json": "*"
    },
    "platform-dev": [],
    "plugin-api-version": "2.0.0"
}
